
Microsoft Visual Studio Solution File, Format Version 12.00
# Visual Studio Version 17
VisualStudioVersion = 17.3.32901.215
MinimumVisualStudioVersion = 10.0.40219.1
Project("{2150E333-8FDC-42A3-9474-1A3956D46DE8}") = "src", "src", "{11423292-D9FA-4DFB-9EF7-85CA0F643ED5}"
EndProject
Project("{2150E333-8FDC-42A3-9474-1A3956D46DE8}") = "Api", "Api", "{4F78DA98-E4C0-4720-8686-EB6E9349C8B1}"
EndProject
Project("{2150E333-8FDC-42A3-9474-1A3956D46DE8}") = "Core", "Core", "{DC595871-4F05-4D3C-9858-E6371D98E279}"
EndProject
Project("{2150E333-8FDC-42A3-9474-1A3956D46DE8}") = "Infrastructure", "Infrastructure", "{2DF27FB1-CD0B-4B9E-A5B8-59FC56338000}"
EndProject
Project("{2150E333-8FDC-42A3-9474-1A3956D46DE8}") = "WebApi", "WebApi", "{90B9FB6C-E953-48B6-8A38-D5F0F27FAA9C}"
EndProject
Project("{2150E333-8FDC-42A3-9474-1A3956D46DE8}") = "Clients", "Clients", "{6C6EB772-C17D-4033-AA15-0D9FAF436B23}"
EndProject
Project("{2150E333-8FDC-42A3-9474-1A3956D46DE8}") = "BlazorWeb", "BlazorWeb", "{55B15645-0401-4C37-A3CC-0A5EB37A2A84}"
EndProject
Project("{2150E333-8FDC-42A3-9474-1A3956D46DE8}") = "Common", "Common", "{2085B063-3485-4652-9011-2FB658B96F8C}"
EndProject
Project("{2150E333-8FDC-42A3-9474-1A3956D46DE8}") = "Projections", "Projections", "{578071A0-D209-4C40-ADC5-BE9D575BD576}"
EndProject
Project("{9A19103F-16F7-4668-BE54-9A1E7A4F7556}") = "Dictionary.Domain", "src\Api\Core\Dictionary.Domain\Dictionary.Domain.csproj", "{2FE3DE40-8286-48E3-BB8C-422F7A9520A8}"
EndProject
Project("{9A19103F-16F7-4668-BE54-9A1E7A4F7556}") = "Dictionary.Application", "src\Api\Core\Dictionary.Application\Dictionary.Application.csproj", "{81DFCF0B-EBD6-4D9C-B8E7-89C4426AEA8D}"
EndProject
Project("{9A19103F-16F7-4668-BE54-9A1E7A4F7556}") = "Dictionary.Persistence", "src\Api\Infrastructure\Dictionary.Persistence\Dictionary.Persistence.csproj", "{45D42CBE-D4FA-4929-8433-63BB485ED8BC}"
EndProject
Project("{9A19103F-16F7-4668-BE54-9A1E7A4F7556}") = "Dictionary.WebApi", "src\Api\WebApi\Dictionary.WebApi\Dictionary.WebApi.csproj", "{5C3216E2-7FB6-40EE-BF8E-F089B886AFFB}"
	ProjectSection(ProjectDependencies) = postProject
		{45D42CBE-D4FA-4929-8433-63BB485ED8BC} = {45D42CBE-D4FA-4929-8433-63BB485ED8BC}
	EndProjectSection
EndProject
Project("{9A19103F-16F7-4668-BE54-9A1E7A4F7556}") = "Dictionary.WebApp", "src\Clients\BlazorWeb\Dictionary.WebApp\Dictionary.WebApp.csproj", "{044AA03D-CCAC-46CA-B9BD-BC289B269969}"
EndProject
Project("{9A19103F-16F7-4668-BE54-9A1E7A4F7556}") = "Dictionary.Common", "src\Common\Dictionary.Common\Dictionary.Common.csproj", "{2AD19921-E604-4713-AEEF-83F8259C955C}"
EndProject
Project("{9A19103F-16F7-4668-BE54-9A1E7A4F7556}") = "Dictionary.FavoriteService", "src\Projections\Dictionary.FavoriteService\Dictionary.FavoriteService.csproj", "{DF355F2C-CC01-4F32-8799-FB36E7DFF7C6}"
EndProject
Project("{9A19103F-16F7-4668-BE54-9A1E7A4F7556}") = "Dictionary.UserService", "src\Projections\Dictionary.UserService\Dictionary.UserService.csproj", "{06ED4764-EEAF-4ACF-B96B-68F80ACB24BC}"
EndProject
Project("{9A19103F-16F7-4668-BE54-9A1E7A4F7556}") = "Dictionary.VoteService", "src\Projections\Dictionary.VoteService\Dictionary.VoteService.csproj", "{975716A4-FE11-42C4-9534-B6A8320115E4}"
EndProject
Project("{E53339B2-1760-4266-BCC7-CA923CBCF16C}") = "docker-compose", "docker-compose.dcproj", "{D77508BA-EC9B-4D63-85A0-FE57C0A7760C}"
EndProject
Project("{2150E333-8FDC-42A3-9474-1A3956D46DE8}") = "Solution Items", "Solution Items", "{4E7242BC-F5AE-4DF6-9F28-B16F39A26AB3}"
	ProjectSection(SolutionItems) = preProject
		DockerComposeSteps_external.txt = DockerComposeSteps_external.txt
	EndProjectSection
EndProject
Global
	GlobalSection(SolutionConfigurationPlatforms) = preSolution
		Debug|Any CPU = Debug|Any CPU
		Release|Any CPU = Release|Any CPU
	EndGlobalSection
	GlobalSection(ProjectConfigurationPlatforms) = postSolution
		{2FE3DE40-8286-48E3-BB8C-422F7A9520A8}.Debug|Any CPU.ActiveCfg = Debug|Any CPU
		{2FE3DE40-8286-48E3-BB8C-422F7A9520A8}.Debug|Any CPU.Build.0 = Debug|Any CPU
		{2FE3DE40-8286-48E3-BB8C-422F7A9520A8}.Release|Any CPU.ActiveCfg = Release|Any CPU
		{2FE3DE40-8286-48E3-BB8C-422F7A9520A8}.Release|Any CPU.Build.0 = Release|Any CPU
		{81DFCF0B-EBD6-4D9C-B8E7-89C4426AEA8D}.Debug|Any CPU.ActiveCfg = Debug|Any CPU
		{81DFCF0B-EBD6-4D9C-B8E7-89C4426AEA8D}.Debug|Any CPU.Build.0 = Debug|Any CPU
		{81DFCF0B-EBD6-4D9C-B8E7-89C4426AEA8D}.Release|Any CPU.ActiveCfg = Release|Any CPU
		{81DFCF0B-EBD6-4D9C-B8E7-89C4426AEA8D}.Release|Any CPU.Build.0 = Release|Any CPU
		{45D42CBE-D4FA-4929-8433-63BB485ED8BC}.Debug|Any CPU.ActiveCfg = Debug|Any CPU
		{45D42CBE-D4FA-4929-8433-63BB485ED8BC}.Debug|Any CPU.Build.0 = Debug|Any CPU
		{45D42CBE-D4FA-4929-8433-63BB485ED8BC}.Release|Any CPU.ActiveCfg = Release|Any CPU
		{45D42CBE-D4FA-4929-8433-63BB485ED8BC}.Release|Any CPU.Build.0 = Release|Any CPU
		{5C3216E2-7FB6-40EE-BF8E-F089B886AFFB}.Debug|Any CPU.ActiveCfg = Debug|Any CPU
		{5C3216E2-7FB6-40EE-BF8E-F089B886AFFB}.Debug|Any CPU.Build.0 = Debug|Any CPU
		{5C3216E2-7FB6-40EE-BF8E-F089B886AFFB}.Release|Any CPU.ActiveCfg = Release|Any CPU
		{5C3216E2-7FB6-40EE-BF8E-F089B886AFFB}.Release|Any CPU.Build.0 = Release|Any CPU
		{044AA03D-CCAC-46CA-B9BD-BC289B269969}.Debug|Any CPU.ActiveCfg = Debug|Any CPU
		{044AA03D-CCAC-46CA-B9BD-BC289B269969}.Debug|Any CPU.Build.0 = Debug|Any CPU
		{044AA03D-CCAC-46CA-B9BD-BC289B269969}.Release|Any CPU.ActiveCfg = Release|Any CPU
		{044AA03D-CCAC-46CA-B9BD-BC289B269969}.Release|Any CPU.Build.0 = Release|Any CPU
		{2AD19921-E604-4713-AEEF-83F8259C955C}.Debug|Any CPU.ActiveCfg = Debug|Any CPU
		{2AD19921-E604-4713-AEEF-83F8259C955C}.Debug|Any CPU.Build.0 = Debug|Any CPU
		{2AD19921-E604-4713-AEEF-83F8259C955C}.Release|Any CPU.ActiveCfg = Release|Any CPU
		{2AD19921-E604-4713-AEEF-83F8259C955C}.Release|Any CPU.Build.0 = Release|Any CPU
		{DF355F2C-CC01-4F32-8799-FB36E7DFF7C6}.Debug|Any CPU.ActiveCfg = Debug|Any CPU
		{DF355F2C-CC01-4F32-8799-FB36E7DFF7C6}.Debug|Any CPU.Build.0 = Debug|Any CPU
		{DF355F2C-CC01-4F32-8799-FB36E7DFF7C6}.Release|Any CPU.ActiveCfg = Release|Any CPU
		{DF355F2C-CC01-4F32-8799-FB36E7DFF7C6}.Release|Any CPU.Build.0 = Release|Any CPU
		{06ED4764-EEAF-4ACF-B96B-68F80ACB24BC}.Debug|Any CPU.ActiveCfg = Debug|Any CPU
		{06ED4764-EEAF-4ACF-B96B-68F80ACB24BC}.Debug|Any CPU.Build.0 = Debug|Any CPU
		{06ED4764-EEAF-4ACF-B96B-68F80ACB24BC}.Release|Any CPU.ActiveCfg = Release|Any CPU
		{06ED4764-EEAF-4ACF-B96B-68F80ACB24BC}.Release|Any CPU.Build.0 = Release|Any CPU
		{975716A4-FE11-42C4-9534-B6A8320115E4}.Debug|Any CPU.ActiveCfg = Debug|Any CPU
		{975716A4-FE11-42C4-9534-B6A8320115E4}.Debug|Any CPU.Build.0 = Debug|Any CPU
		{975716A4-FE11-42C4-9534-B6A8320115E4}.Release|Any CPU.ActiveCfg = Release|Any CPU
		{975716A4-FE11-42C4-9534-B6A8320115E4}.Release|Any CPU.Build.0 = Release|Any CPU
		{D77508BA-EC9B-4D63-85A0-FE57C0A7760C}.Debug|Any CPU.ActiveCfg = Debug|Any CPU
		{D77508BA-EC9B-4D63-85A0-FE57C0A7760C}.Debug|Any CPU.Build.0 = Debug|Any CPU
		{D77508BA-EC9B-4D63-85A0-FE57C0A7760C}.Release|Any CPU.ActiveCfg = Release|Any CPU
		{D77508BA-EC9B-4D63-85A0-FE57C0A7760C}.Release|Any CPU.Build.0 = Release|Any CPU
	EndGlobalSection
	GlobalSection(SolutionProperties) = preSolution
		HideSolutionNode = FALSE
	EndGlobalSection
	GlobalSection(NestedProjects) = preSolution
		{4F78DA98-E4C0-4720-8686-EB6E9349C8B1} = {11423292-D9FA-4DFB-9EF7-85CA0F643ED5}
		{DC595871-4F05-4D3C-9858-E6371D98E279} = {4F78DA98-E4C0-4720-8686-EB6E9349C8B1}
		{2DF27FB1-CD0B-4B9E-A5B8-59FC56338000} = {4F78DA98-E4C0-4720-8686-EB6E9349C8B1}
		{90B9FB6C-E953-48B6-8A38-D5F0F27FAA9C} = {4F78DA98-E4C0-4720-8686-EB6E9349C8B1}
		{6C6EB772-C17D-4033-AA15-0D9FAF436B23} = {11423292-D9FA-4DFB-9EF7-85CA0F643ED5}
		{55B15645-0401-4C37-A3CC-0A5EB37A2A84} = {6C6EB772-C17D-4033-AA15-0D9FAF436B23}
		{2085B063-3485-4652-9011-2FB658B96F8C} = {11423292-D9FA-4DFB-9EF7-85CA0F643ED5}
		{578071A0-D209-4C40-ADC5-BE9D575BD576} = {11423292-D9FA-4DFB-9EF7-85CA0F643ED5}
		{2FE3DE40-8286-48E3-BB8C-422F7A9520A8} = {DC595871-4F05-4D3C-9858-E6371D98E279}
		{81DFCF0B-EBD6-4D9C-B8E7-89C4426AEA8D} = {DC595871-4F05-4D3C-9858-E6371D98E279}
		{45D42CBE-D4FA-4929-8433-63BB485ED8BC} = {2DF27FB1-CD0B-4B9E-A5B8-59FC56338000}
		{5C3216E2-7FB6-40EE-BF8E-F089B886AFFB} = {90B9FB6C-E953-48B6-8A38-D5F0F27FAA9C}
		{044AA03D-CCAC-46CA-B9BD-BC289B269969} = {55B15645-0401-4C37-A3CC-0A5EB37A2A84}
		{2AD19921-E604-4713-AEEF-83F8259C955C} = {2085B063-3485-4652-9011-2FB658B96F8C}
		{DF355F2C-CC01-4F32-8799-FB36E7DFF7C6} = {578071A0-D209-4C40-ADC5-BE9D575BD576}
		{06ED4764-EEAF-4ACF-B96B-68F80ACB24BC} = {578071A0-D209-4C40-ADC5-BE9D575BD576}
		{975716A4-FE11-42C4-9534-B6A8320115E4} = {578071A0-D209-4C40-ADC5-BE9D575BD576}
	EndGlobalSection
	GlobalSection(ExtensibilityGlobals) = postSolution
		SolutionGuid = {A844566F-7D2B-4A76-ACCA-BFCD59F4ECCD}
	EndGlobalSection
EndGlobal
